// !$*UTF8*$!
{
	archiveVersion = 1;
	classes = {
	};
	objectVersion = 46;
	objects = {

/* Begin PBXBuildFile section */
		8265B9B41A0FA39A00C39AEA /* Main.storyboard in Resources */ = {isa = PBXBuildFile; fileRef = 8265B9B21A0FA39A00C39AEA /* Main.storyboard */; };
		8265B9B61A0FA39A00C39AEA /* Images.xcassets in Resources */ = {isa = PBXBuildFile; fileRef = 8265B9B51A0FA39A00C39AEA /* Images.xcassets */; };
		8265B9B91A0FA39A00C39AEA /* LaunchScreen.xib in Resources */ = {isa = PBXBuildFile; fileRef = 8265B9B71A0FA39A00C39AEA /* LaunchScreen.xib */; };
		8265B9D71A0FA4CD00C39AEA /* AppDelegate.swift in Sources */ = {isa = PBXBuildFile; fileRef = 8265B9D61A0FA4CD00C39AEA /* AppDelegate.swift */; };
		8265B9FF1A0FA54C00C39AEA /* AFHTTPRequestOperation.m in Sources */ = {isa = PBXBuildFile; fileRef = 8265B9DB1A0FA54C00C39AEA /* AFHTTPRequestOperation.m */; };
		8265BA001A0FA54C00C39AEA /* AFHTTPRequestOperationManager.m in Sources */ = {isa = PBXBuildFile; fileRef = 8265B9DD1A0FA54C00C39AEA /* AFHTTPRequestOperationManager.m */; };
		8265BA011A0FA54C00C39AEA /* AFHTTPSessionManager.m in Sources */ = {isa = PBXBuildFile; fileRef = 8265B9DF1A0FA54C00C39AEA /* AFHTTPSessionManager.m */; };
		8265BA021A0FA54C00C39AEA /* AFNetworkReachabilityManager.m in Sources */ = {isa = PBXBuildFile; fileRef = 8265B9E21A0FA54C00C39AEA /* AFNetworkReachabilityManager.m */; };
		8265BA031A0FA54C00C39AEA /* AFSecurityPolicy.m in Sources */ = {isa = PBXBuildFile; fileRef = 8265B9E41A0FA54C00C39AEA /* AFSecurityPolicy.m */; };
		8265BA041A0FA54C00C39AEA /* AFURLConnectionOperation.m in Sources */ = {isa = PBXBuildFile; fileRef = 8265B9E61A0FA54C00C39AEA /* AFURLConnectionOperation.m */; };
		8265BA051A0FA54C00C39AEA /* AFURLRequestSerialization.m in Sources */ = {isa = PBXBuildFile; fileRef = 8265B9E81A0FA54C00C39AEA /* AFURLRequestSerialization.m */; };
		8265BA061A0FA54C00C39AEA /* AFURLResponseSerialization.m in Sources */ = {isa = PBXBuildFile; fileRef = 8265B9EA1A0FA54C00C39AEA /* AFURLResponseSerialization.m */; };
		8265BA071A0FA54C00C39AEA /* AFURLSessionManager.m in Sources */ = {isa = PBXBuildFile; fileRef = 8265B9EC1A0FA54C00C39AEA /* AFURLSessionManager.m */; };
		8265BA081A0FA54C00C39AEA /* AFNetworkActivityIndicatorManager.m in Sources */ = {isa = PBXBuildFile; fileRef = 8265B9EF1A0FA54C00C39AEA /* AFNetworkActivityIndicatorManager.m */; };
		8265BA091A0FA54C00C39AEA /* UIActivityIndicatorView+AFNetworking.m in Sources */ = {isa = PBXBuildFile; fileRef = 8265B9F11A0FA54C00C39AEA /* UIActivityIndicatorView+AFNetworking.m */; };
		8265BA0A1A0FA54C00C39AEA /* UIAlertView+AFNetworking.m in Sources */ = {isa = PBXBuildFile; fileRef = 8265B9F31A0FA54C00C39AEA /* UIAlertView+AFNetworking.m */; };
		8265BA0B1A0FA54C00C39AEA /* UIButton+AFNetworking.m in Sources */ = {isa = PBXBuildFile; fileRef = 8265B9F51A0FA54C00C39AEA /* UIButton+AFNetworking.m */; };
		8265BA0C1A0FA54C00C39AEA /* UIImageView+AFNetworking.m in Sources */ = {isa = PBXBuildFile; fileRef = 8265B9F71A0FA54C00C39AEA /* UIImageView+AFNetworking.m */; };
		8265BA0D1A0FA54C00C39AEA /* UIProgressView+AFNetworking.m in Sources */ = {isa = PBXBuildFile; fileRef = 8265B9FA1A0FA54C00C39AEA /* UIProgressView+AFNetworking.m */; };
		8265BA0E1A0FA54C00C39AEA /* UIRefreshControl+AFNetworking.m in Sources */ = {isa = PBXBuildFile; fileRef = 8265B9FC1A0FA54C00C39AEA /* UIRefreshControl+AFNetworking.m */; };
		8265BA0F1A0FA54C00C39AEA /* UIWebView+AFNetworking.m in Sources */ = {isa = PBXBuildFile; fileRef = 8265B9FE1A0FA54C00C39AEA /* UIWebView+AFNetworking.m */; };
		8265BA171A0FAB0400C39AEA /* Repo.swift in Sources */ = {isa = PBXBuildFile; fileRef = 8265BA161A0FAB0400C39AEA /* Repo.swift */; };
		8265BA191A0FE8E300C39AEA /* SwiftyJSON.swift in Sources */ = {isa = PBXBuildFile; fileRef = 8265BA181A0FE8E300C39AEA /* SwiftyJSON.swift */; };
		829380911A0FF2F700CA6BE4 /* ListCell.swift in Sources */ = {isa = PBXBuildFile; fileRef = 8293808F1A0FF2F700CA6BE4 /* ListCell.swift */; };
		829380921A0FF2F700CA6BE4 /* ListViewController.swift in Sources */ = {isa = PBXBuildFile; fileRef = 829380901A0FF2F700CA6BE4 /* ListViewController.swift */; };
		829380941A0FF53000CA6BE4 /* DetailViewController.swift in Sources */ = {isa = PBXBuildFile; fileRef = 829380931A0FF53000CA6BE4 /* DetailViewController.swift */; };
		829380961A0FFDDC00CA6BE4 /* NavigationController.swift in Sources */ = {isa = PBXBuildFile; fileRef = 829380951A0FFDDC00CA6BE4 /* NavigationController.swift */; };
/* End PBXBuildFile section */

/* Begin PBXFileReference section */
		8265B9A91A0FA39A00C39AEA /* GitHubReposSwift.app */ = {isa = PBXFileReference; explicitFileType = wrapper.application; includeInIndex = 0; path = GitHubReposSwift.app; sourceTree = BUILT_PRODUCTS_DIR; };
		8265B9AD1A0FA39A00C39AEA /* Info.plist */ = {isa = PBXFileReference; lastKnownFileType = text.plist.xml; path = Info.plist; sourceTree = "<group>"; };
		8265B9B31A0FA39A00C39AEA /* Base */ = {isa = PBXFileReference; lastKnownFileType = file.storyboard; name = Base; path = Base.lproj/Main.storyboard; sourceTree = "<group>"; };
		8265B9B51A0FA39A00C39AEA /* Images.xcassets */ = {isa = PBXFileReference; lastKnownFileType = folder.assetcatalog; path = Images.xcassets; sourceTree = "<group>"; };
		8265B9B81A0FA39A00C39AEA /* Base */ = {isa = PBXFileReference; lastKnownFileType = file.xib; name = Base; path = Base.lproj/LaunchScreen.xib; sourceTree = "<group>"; };
		8265B9D61A0FA4CD00C39AEA /* AppDelegate.swift */ = {isa = PBXFileReference; fileEncoding = 4; lastKnownFileType = sourcecode.swift; path = AppDelegate.swift; sourceTree = "<group>"; };
		8265B9D81A0FA50200C39AEA /* GitHubReposSwift-Bridging-Header.h */ = {isa = PBXFileReference; fileEncoding = 4; lastKnownFileType = sourcecode.c.h; path = "GitHubReposSwift-Bridging-Header.h"; sourceTree = "<group>"; };
		8265B9DA1A0FA54C00C39AEA /* AFHTTPRequestOperation.h */ = {isa = PBXFileReference; fileEncoding = 4; lastKnownFileType = sourcecode.c.h; path = AFHTTPRequestOperation.h; sourceTree = "<group>"; };
		8265B9DB1A0FA54C00C39AEA /* AFHTTPRequestOperation.m */ = {isa = PBXFileReference; fileEncoding = 4; lastKnownFileType = sourcecode.c.objc; path = AFHTTPRequestOperation.m; sourceTree = "<group>"; };
		8265B9DC1A0FA54C00C39AEA /* AFHTTPRequestOperationManager.h */ = {isa = PBXFileReference; fileEncoding = 4; lastKnownFileType = sourcecode.c.h; path = AFHTTPRequestOperationManager.h; sourceTree = "<group>"; };
		8265B9DD1A0FA54C00C39AEA /* AFHTTPRequestOperationManager.m */ = {isa = PBXFileReference; fileEncoding = 4; lastKnownFileType = sourcecode.c.objc; path = AFHTTPRequestOperationManager.m; sourceTree = "<group>"; };
		8265B9DE1A0FA54C00C39AEA /* AFHTTPSessionManager.h */ = {isa = PBXFileReference; fileEncoding = 4; lastKnownFileType = sourcecode.c.h; path = AFHTTPSessionManager.h; sourceTree = "<group>"; };
		8265B9DF1A0FA54C00C39AEA /* AFHTTPSessionManager.m */ = {isa = PBXFileReference; fileEncoding = 4; lastKnownFileType = sourcecode.c.objc; path = AFHTTPSessionManager.m; sourceTree = "<group>"; };
		8265B9E01A0FA54C00C39AEA /* AFNetworking.h */ = {isa = PBXFileReference; fileEncoding = 4; lastKnownFileType = sourcecode.c.h; path = AFNetworking.h; sourceTree = "<group>"; };
		8265B9E11A0FA54C00C39AEA /* AFNetworkReachabilityManager.h */ = {isa = PBXFileReference; fileEncoding = 4; lastKnownFileType = sourcecode.c.h; path = AFNetworkReachabilityManager.h; sourceTree = "<group>"; };
		8265B9E21A0FA54C00C39AEA /* AFNetworkReachabilityManager.m */ = {isa = PBXFileReference; fileEncoding = 4; lastKnownFileType = sourcecode.c.objc; path = AFNetworkReachabilityManager.m; sourceTree = "<group>"; };
		8265B9E31A0FA54C00C39AEA /* AFSecurityPolicy.h */ = {isa = PBXFileReference; fileEncoding = 4; lastKnownFileType = sourcecode.c.h; path = AFSecurityPolicy.h; sourceTree = "<group>"; };
		8265B9E41A0FA54C00C39AEA /* AFSecurityPolicy.m */ = {isa = PBXFileReference; fileEncoding = 4; lastKnownFileType = sourcecode.c.objc; path = AFSecurityPolicy.m; sourceTree = "<group>"; };
		8265B9E51A0FA54C00C39AEA /* AFURLConnectionOperation.h */ = {isa = PBXFileReference; fileEncoding = 4; lastKnownFileType = sourcecode.c.h; path = AFURLConnectionOperation.h; sourceTree = "<group>"; };
		8265B9E61A0FA54C00C39AEA /* AFURLConnectionOperation.m */ = {isa = PBXFileReference; fileEncoding = 4; lastKnownFileType = sourcecode.c.objc; path = AFURLConnectionOperation.m; sourceTree = "<group>"; };
		8265B9E71A0FA54C00C39AEA /* AFURLRequestSerialization.h */ = {isa = PBXFileReference; fileEncoding = 4; lastKnownFileType = sourcecode.c.h; path = AFURLRequestSerialization.h; sourceTree = "<group>"; };
		8265B9E81A0FA54C00C39AEA /* AFURLRequestSerialization.m */ = {isa = PBXFileReference; fileEncoding = 4; lastKnownFileType = sourcecode.c.objc; path = AFURLRequestSerialization.m; sourceTree = "<group>"; };
		8265B9E91A0FA54C00C39AEA /* AFURLResponseSerialization.h */ = {isa = PBXFileReference; fileEncoding = 4; lastKnownFileType = sourcecode.c.h; path = AFURLResponseSerialization.h; sourceTree = "<group>"; };
		8265B9EA1A0FA54C00C39AEA /* AFURLResponseSerialization.m */ = {isa = PBXFileReference; fileEncoding = 4; lastKnownFileType = sourcecode.c.objc; path = AFURLResponseSerialization.m; sourceTree = "<group>"; };
		8265B9EB1A0FA54C00C39AEA /* AFURLSessionManager.h */ = {isa = PBXFileReference; fileEncoding = 4; lastKnownFileType = sourcecode.c.h; path = AFURLSessionManager.h; sourceTree = "<group>"; };
		8265B9EC1A0FA54C00C39AEA /* AFURLSessionManager.m */ = {isa = PBXFileReference; fileEncoding = 4; lastKnownFileType = sourcecode.c.objc; path = AFURLSessionManager.m; sourceTree = "<group>"; };
		8265B9EE1A0FA54C00C39AEA /* AFNetworkActivityIndicatorManager.h */ = {isa = PBXFileReference; fileEncoding = 4; lastKnownFileType = sourcecode.c.h; path = AFNetworkActivityIndicatorManager.h; sourceTree = "<group>"; };
		8265B9EF1A0FA54C00C39AEA /* AFNetworkActivityIndicatorManager.m */ = {isa = PBXFileReference; fileEncoding = 4; lastKnownFileType = sourcecode.c.objc; path = AFNetworkActivityIndicatorManager.m; sourceTree = "<group>"; };
		8265B9F01A0FA54C00C39AEA /* UIActivityIndicatorView+AFNetworking.h */ = {isa = PBXFileReference; fileEncoding = 4; lastKnownFileType = sourcecode.c.h; path = "UIActivityIndicatorView+AFNetworking.h"; sourceTree = "<group>"; };
		8265B9F11A0FA54C00C39AEA /* UIActivityIndicatorView+AFNetworking.m */ = {isa = PBXFileReference; fileEncoding = 4; lastKnownFileType = sourcecode.c.objc; path = "UIActivityIndicatorView+AFNetworking.m"; sourceTree = "<group>"; };
		8265B9F21A0FA54C00C39AEA /* UIAlertView+AFNetworking.h */ = {isa = PBXFileReference; fileEncoding = 4; lastKnownFileType = sourcecode.c.h; path = "UIAlertView+AFNetworking.h"; sourceTree = "<group>"; };
		8265B9F31A0FA54C00C39AEA /* UIAlertView+AFNetworking.m */ = {isa = PBXFileReference; fileEncoding = 4; lastKnownFileType = sourcecode.c.objc; path = "UIAlertView+AFNetworking.m"; sourceTree = "<group>"; };
		8265B9F41A0FA54C00C39AEA /* UIButton+AFNetworking.h */ = {isa = PBXFileReference; fileEncoding = 4; lastKnownFileType = sourcecode.c.h; path = "UIButton+AFNetworking.h"; sourceTree = "<group>"; };
		8265B9F51A0FA54C00C39AEA /* UIButton+AFNetworking.m */ = {isa = PBXFileReference; fileEncoding = 4; lastKnownFileType = sourcecode.c.objc; path = "UIButton+AFNetworking.m"; sourceTree = "<group>"; };
		8265B9F61A0FA54C00C39AEA /* UIImageView+AFNetworking.h */ = {isa = PBXFileReference; fileEncoding = 4; lastKnownFileType = sourcecode.c.h; path = "UIImageView+AFNetworking.h"; sourceTree = "<group>"; };
		8265B9F71A0FA54C00C39AEA /* UIImageView+AFNetworking.m */ = {isa = PBXFileReference; fileEncoding = 4; lastKnownFileType = sourcecode.c.objc; path = "UIImageView+AFNetworking.m"; sourceTree = "<group>"; };
		8265B9F81A0FA54C00C39AEA /* UIKit+AFNetworking.h */ = {isa = PBXFileReference; fileEncoding = 4; lastKnownFileType = sourcecode.c.h; path = "UIKit+AFNetworking.h"; sourceTree = "<group>"; };
		8265B9F91A0FA54C00C39AEA /* UIProgressView+AFNetworking.h */ = {isa = PBXFileReference; fileEncoding = 4; lastKnownFileType = sourcecode.c.h; path = "UIProgressView+AFNetworking.h"; sourceTree = "<group>"; };
		8265B9FA1A0FA54C00C39AEA /* UIProgressView+AFNetworking.m */ = {isa = PBXFileReference; fileEncoding = 4; lastKnownFileType = sourcecode.c.objc; path = "UIProgressView+AFNetworking.m"; sourceTree = "<group>"; };
		8265B9FB1A0FA54C00C39AEA /* UIRefreshControl+AFNetworking.h */ = {isa = PBXFileReference; fileEncoding = 4; lastKnownFileType = sourcecode.c.h; path = "UIRefreshControl+AFNetworking.h"; sourceTree = "<group>"; };
		8265B9FC1A0FA54C00C39AEA /* UIRefreshControl+AFNetworking.m */ = {isa = PBXFileReference; fileEncoding = 4; lastKnownFileType = sourcecode.c.objc; path = "UIRefreshControl+AFNetworking.m"; sourceTree = "<group>"; };
		8265B9FD1A0FA54C00C39AEA /* UIWebView+AFNetworking.h */ = {isa = PBXFileReference; fileEncoding = 4; lastKnownFileType = sourcecode.c.h; path = "UIWebView+AFNetworking.h"; sourceTree = "<group>"; };
		8265B9FE1A0FA54C00C39AEA /* UIWebView+AFNetworking.m */ = {isa = PBXFileReference; fileEncoding = 4; lastKnownFileType = sourcecode.c.objc; path = "UIWebView+AFNetworking.m"; sourceTree = "<group>"; };
		8265BA161A0FAB0400C39AEA /* Repo.swift */ = {isa = PBXFileReference; fileEncoding = 4; lastKnownFileType = sourcecode.swift; path = Repo.swift; sourceTree = "<group>"; };
		8265BA181A0FE8E300C39AEA /* SwiftyJSON.swift */ = {isa = PBXFileReference; fileEncoding = 4; lastKnownFileType = sourcecode.swift; path = SwiftyJSON.swift; sourceTree = "<group>"; };
		8293808F1A0FF2F700CA6BE4 /* ListCell.swift */ = {isa = PBXFileReference; fileEncoding = 4; lastKnownFileType = sourcecode.swift; path = ListCell.swift; sourceTree = "<group>"; };
		829380901A0FF2F700CA6BE4 /* ListViewController.swift */ = {isa = PBXFileReference; fileEncoding = 4; lastKnownFileType = sourcecode.swift; path = ListViewController.swift; sourceTree = "<group>"; };
		829380931A0FF53000CA6BE4 /* DetailViewController.swift */ = {isa = PBXFileReference; fileEncoding = 4; lastKnownFileType = sourcecode.swift; path = DetailViewController.swift; sourceTree = "<group>"; };
		829380951A0FFDDC00CA6BE4 /* NavigationController.swift */ = {isa = PBXFileReference; fileEncoding = 4; lastKnownFileType = sourcecode.swift; path = NavigationController.swift; sourceTree = "<group>"; };
/* End PBXFileReference section */

/* Begin PBXFrameworksBuildPhase section */
		8265B9A61A0FA39A00C39AEA /* Frameworks */ = {
			isa = PBXFrameworksBuildPhase;
			buildActionMask = 2147483647;
			files = (
			);
			runOnlyForDeploymentPostprocessing = 0;
		};
/* End PBXFrameworksBuildPhase section */

/* Begin PBXGroup section */
		8265B9A01A0FA39A00C39AEA = {
			isa = PBXGroup;
			children = (
				8265B9AB1A0FA39A00C39AEA /* GitHubReposSwift */,
				8265B9AA1A0FA39A00C39AEA /* Products */,
			);
			sourceTree = "<group>";
		};
		8265B9AA1A0FA39A00C39AEA /* Products */ = {
			isa = PBXGroup;
			children = (
				8265B9A91A0FA39A00C39AEA /* GitHubReposSwift.app */,
			);
			name = Products;
			sourceTree = "<group>";
		};
		8265B9AB1A0FA39A00C39AEA /* GitHubReposSwift */ = {
			isa = PBXGroup;
			children = (
				8265B9CE1A0FA3FC00C39AEA /* Source */,
				8265B9B21A0FA39A00C39AEA /* Main.storyboard */,
				8265B9B71A0FA39A00C39AEA /* LaunchScreen.xib */,
				8265B9B51A0FA39A00C39AEA /* Images.xcassets */,
				8265B9AC1A0FA39A00C39AEA /* Supporting Files */,
			);
			path = GitHubReposSwift;
			sourceTree = "<group>";
		};
		8265B9AC1A0FA39A00C39AEA /* Supporting Files */ = {
			isa = PBXGroup;
			children = (
				8265B9D81A0FA50200C39AEA /* GitHubReposSwift-Bridging-Header.h */,
				8265B9AD1A0FA39A00C39AEA /* Info.plist */,
			);
			name = "Supporting Files";
			sourceTree = "<group>";
		};
		8265B9CE1A0FA3FC00C39AEA /* Source */ = {
			isa = PBXGroup;
			children = (
				8265B9CF1A0FA3FC00C39AEA /* AppDelegate */,
				8293808E1A0FF2F700CA6BE4 /* Controller */,
				8265B9D21A0FA3FC00C39AEA /* Helper */,
				8265B9D31A0FA3FC00C39AEA /* Model */,
			);
			path = Source;
			sourceTree = "<group>";
		};
		8265B9CF1A0FA3FC00C39AEA /* AppDelegate */ = {
			isa = PBXGroup;
			children = (
				8265B9D61A0FA4CD00C39AEA /* AppDelegate.swift */,
			);
			path = AppDelegate;
			sourceTree = "<group>";
		};
		8265B9D21A0FA3FC00C39AEA /* Helper */ = {
			isa = PBXGroup;
			children = (
				8265B9D91A0FA54C00C39AEA /* AFNetworking */,
				8265B9ED1A0FA54C00C39AEA /* UIKit+AFNetworking */,
				8265BA181A0FE8E300C39AEA /* SwiftyJSON.swift */,
			);
			path = Helper;
			sourceTree = "<group>";
		};
		8265B9D31A0FA3FC00C39AEA /* Model */ = {
			isa = PBXGroup;
			children = (
				8265BA161A0FAB0400C39AEA /* Repo.swift */,
			);
			path = Model;
			sourceTree = "<group>";
		};
		8265B9D91A0FA54C00C39AEA /* AFNetworking */ = {
			isa = PBXGroup;
			children = (
				8265B9DA1A0FA54C00C39AEA /* AFHTTPRequestOperation.h */,
				8265B9DB1A0FA54C00C39AEA /* AFHTTPRequestOperation.m */,
				8265B9DC1A0FA54C00C39AEA /* AFHTTPRequestOperationManager.h */,
				8265B9DD1A0FA54C00C39AEA /* AFHTTPRequestOperationManager.m */,
				8265B9DE1A0FA54C00C39AEA /* AFHTTPSessionManager.h */,
				8265B9DF1A0FA54C00C39AEA /* AFHTTPSessionManager.m */,
				8265B9E01A0FA54C00C39AEA /* AFNetworking.h */,
				8265B9E11A0FA54C00C39AEA /* AFNetworkReachabilityManager.h */,
				8265B9E21A0FA54C00C39AEA /* AFNetworkReachabilityManager.m */,
				8265B9E31A0FA54C00C39AEA /* AFSecurityPolicy.h */,
				8265B9E41A0FA54C00C39AEA /* AFSecurityPolicy.m */,
				8265B9E51A0FA54C00C39AEA /* AFURLConnectionOperation.h */,
				8265B9E61A0FA54C00C39AEA /* AFURLConnectionOperation.m */,
				8265B9E71A0FA54C00C39AEA /* AFURLRequestSerialization.h */,
				8265B9E81A0FA54C00C39AEA /* AFURLRequestSerialization.m */,
				8265B9E91A0FA54C00C39AEA /* AFURLResponseSerialization.h */,
				8265B9EA1A0FA54C00C39AEA /* AFURLResponseSerialization.m */,
				8265B9EB1A0FA54C00C39AEA /* AFURLSessionManager.h */,
				8265B9EC1A0FA54C00C39AEA /* AFURLSessionManager.m */,
			);
			path = AFNetworking;
			sourceTree = "<group>";
		};
		8265B9ED1A0FA54C00C39AEA /* UIKit+AFNetworking */ = {
			isa = PBXGroup;
			children = (
				8265B9EE1A0FA54C00C39AEA /* AFNetworkActivityIndicatorManager.h */,
				8265B9EF1A0FA54C00C39AEA /* AFNetworkActivityIndicatorManager.m */,
				8265B9F01A0FA54C00C39AEA /* UIActivityIndicatorView+AFNetworking.h */,
				8265B9F11A0FA54C00C39AEA /* UIActivityIndicatorView+AFNetworking.m */,
				8265B9F21A0FA54C00C39AEA /* UIAlertView+AFNetworking.h */,
				8265B9F31A0FA54C00C39AEA /* UIAlertView+AFNetworking.m */,
				8265B9F41A0FA54C00C39AEA /* UIButton+AFNetworking.h */,
				8265B9F51A0FA54C00C39AEA /* UIButton+AFNetworking.m */,
				8265B9F61A0FA54C00C39AEA /* UIImageView+AFNetworking.h */,
				8265B9F71A0FA54C00C39AEA /* UIImageView+AFNetworking.m */,
				8265B9F81A0FA54C00C39AEA /* UIKit+AFNetworking.h */,
				8265B9F91A0FA54C00C39AEA /* UIProgressView+AFNetworking.h */,
				8265B9FA1A0FA54C00C39AEA /* UIProgressView+AFNetworking.m */,
				8265B9FB1A0FA54C00C39AEA /* UIRefreshControl+AFNetworking.h */,
				8265B9FC1A0FA54C00C39AEA /* UIRefreshControl+AFNetworking.m */,
				8265B9FD1A0FA54C00C39AEA /* UIWebView+AFNetworking.h */,
				8265B9FE1A0FA54C00C39AEA /* UIWebView+AFNetworking.m */,
			);
			path = "UIKit+AFNetworking";
			sourceTree = "<group>";
		};
		8293808E1A0FF2F700CA6BE4 /* Controller */ = {
			isa = PBXGroup;
			children = (
				829380951A0FFDDC00CA6BE4 /* NavigationController.swift */,
				829380901A0FF2F700CA6BE4 /* ListViewController.swift */,
				829380931A0FF53000CA6BE4 /* DetailViewController.swift */,
				8293808F1A0FF2F700CA6BE4 /* ListCell.swift */,
			);
			path = Controller;
			sourceTree = "<group>";
		};
/* End PBXGroup section */

/* Begin PBXNativeTarget section */
		8265B9A81A0FA39A00C39AEA /* GitHubReposSwift */ = {
			isa = PBXNativeTarget;
			buildConfigurationList = 8265B9C81A0FA39A00C39AEA /* Build configuration list for PBXNativeTarget "GitHubReposSwift" */;
			buildPhases = (
				8265B9A51A0FA39A00C39AEA /* Sources */,
				8265B9A61A0FA39A00C39AEA /* Frameworks */,
				8265B9A71A0FA39A00C39AEA /* Resources */,
			);
			buildRules = (
			);
			dependencies = (
			);
			name = GitHubReposSwift;
			productName = GitHubReposSwift;
			productReference = 8265B9A91A0FA39A00C39AEA /* GitHubReposSwift.app */;
			productType = "com.apple.product-type.application";
		};
/* End PBXNativeTarget section */

/* Begin PBXProject section */
		8265B9A11A0FA39A00C39AEA /* Project object */ = {
			isa = PBXProject;
			attributes = {
				LastUpgradeCheck = 0610;
				ORGANIZATIONNAME = "Juraj Hilje";
				TargetAttributes = {
					8265B9A81A0FA39A00C39AEA = {
						CreatedOnToolsVersion = 6.1;
					};
				};
			};
			buildConfigurationList = 8265B9A41A0FA39A00C39AEA /* Build configuration list for PBXProject "GitHubReposSwift" */;
			compatibilityVersion = "Xcode 3.2";
			developmentRegion = English;
			hasScannedForEncodings = 0;
			knownRegions = (
				en,
				Base,
			);
			mainGroup = 8265B9A01A0FA39A00C39AEA;
			productRefGroup = 8265B9AA1A0FA39A00C39AEA /* Products */;
			projectDirPath = "";
			projectRoot = "";
			targets = (
				8265B9A81A0FA39A00C39AEA /* GitHubReposSwift */,
			);
		};
/* End PBXProject section */

/* Begin PBXResourcesBuildPhase section */
		8265B9A71A0FA39A00C39AEA /* Resources */ = {
			isa = PBXResourcesBuildPhase;
			buildActionMask = 2147483647;
			files = (
				8265B9B41A0FA39A00C39AEA /* Main.storyboard in Resources */,
				8265B9B91A0FA39A00C39AEA /* LaunchScreen.xib in Resources */,
				8265B9B61A0FA39A00C39AEA /* Images.xcassets in Resources */,
			);
			runOnlyForDeploymentPostprocessing = 0;
		};
/* End PBXResourcesBuildPhase section */

/* Begin PBXSourcesBuildPhase section */
		8265B9A51A0FA39A00C39AEA /* Sources */ = {
			isa = PBXSourcesBuildPhase;
			buildActionMask = 2147483647;
			files = (
				8265BA171A0FAB0400C39AEA /* Repo.swift in Sources */,
				829380961A0FFDDC00CA6BE4 /* NavigationController.swift in Sources */,
				8265BA0D1A0FA54C00C39AEA /* UIProgressView+AFNetworking.m in Sources */,
				829380941A0FF53000CA6BE4 /* DetailViewController.swift in Sources */,
				8265BA041A0FA54C00C39AEA /* AFURLConnectionOperation.m in Sources */,
				829380911A0FF2F700CA6BE4 /* ListCell.swift in Sources */,
				8265BA191A0FE8E300C39AEA /* SwiftyJSON.swift in Sources */,
				8265BA0F1A0FA54C00C39AEA /* UIWebView+AFNetworking.m in Sources */,
				8265BA0C1A0FA54C00C39AEA /* UIImageView+AFNetworking.m in Sources */,
				8265BA061A0FA54C00C39AEA /* AFURLResponseSerialization.m in Sources */,
				8265BA0B1A0FA54C00C39AEA /* UIButton+AFNetworking.m in Sources */,
				8265BA0A1A0FA54C00C39AEA /* UIAlertView+AFNetworking.m in Sources */,
				8265B9FF1A0FA54C00C39AEA /* AFHTTPRequestOperation.m in Sources */,
				8265BA0E1A0FA54C00C39AEA /* UIRefreshControl+AFNetworking.m in Sources */,
				8265B9D71A0FA4CD00C39AEA /* AppDelegate.swift in Sources */,
				8265BA081A0FA54C00C39AEA /* AFNetworkActivityIndicatorManager.m in Sources */,
				8265BA021A0FA54C00C39AEA /* AFNetworkReachabilityManager.m in Sources */,
				8265BA091A0FA54C00C39AEA /* UIActivityIndicatorView+AFNetworking.m in Sources */,
				829380921A0FF2F700CA6BE4 /* ListViewController.swift in Sources */,
				8265BA071A0FA54C00C39AEA /* AFURLSessionManager.m in Sources */,
				8265BA001A0FA54C00C39AEA /* AFHTTPRequestOperationManager.m in Sources */,
				8265BA031A0FA54C00C39AEA /* AFSecurityPolicy.m in Sources */,
				8265BA011A0FA54C00C39AEA /* AFHTTPSessionManager.m in Sources */,
				8265BA051A0FA54C00C39AEA /* AFURLRequestSerialization.m in Sources */,
			);
			runOnlyForDeploymentPostprocessing = 0;
		};
/* End PBXSourcesBuildPhase section */

/* Begin PBXVariantGroup section */
		8265B9B21A0FA39A00C39AEA /* Main.storyboard */ = {
			isa = PBXVariantGroup;
			children = (
				8265B9B31A0FA39A00C39AEA /* Base */,
			);
			name = Main.storyboard;
			sourceTree = "<group>";
		};
		8265B9B71A0FA39A00C39AEA /* LaunchScreen.xib */ = {
			isa = PBXVariantGroup;
			children = (
				8265B9B81A0FA39A00C39AEA /* Base */,
			);
			name = LaunchScreen.xib;
			sourceTree = "<group>";
		};
/* End PBXVariantGroup section */

/* Begin XCBuildConfiguration section */
		8265B9C61A0FA39A00C39AEA /* Debug */ = {
			isa = XCBuildConfiguration;
			buildSettings = {
				ALWAYS_SEARCH_USER_PATHS = NO;
				CLANG_CXX_LANGUAGE_STANDARD = "gnu++0x";
				CLANG_CXX_LIBRARY = "libc++";
				CLANG_ENABLE_MODULES = YES;
				CLANG_ENABLE_OBJC_ARC = YES;
				CLANG_WARN_BOOL_CONVERSION = YES;
				CLANG_WARN_CONSTANT_CONVERSION = YES;
				CLANG_WARN_DIRECT_OBJC_ISA_USAGE = YES_ERROR;
				CLANG_WARN_EMPTY_BODY = YES;
				CLANG_WARN_ENUM_CONVERSION = YES;
				CLANG_WARN_INT_CONVERSION = YES;
				CLANG_WARN_OBJC_ROOT_CLASS = YES_ERROR;
				CLANG_WARN_UNREACHABLE_CODE = YES;
				CLANG_WARN__DUPLICATE_METHOD_MATCH = YES;
				"CODE_SIGN_IDENTITY[sdk=iphoneos*]" = "iPhone Developer";
				COPY_PHASE_STRIP = NO;
				ENABLE_STRICT_OBJC_MSGSEND = YES;
				GCC_C_LANGUAGE_STANDARD = gnu99;
				GCC_DYNAMIC_NO_PIC = NO;
				GCC_OPTIMIZATION_LEVEL = 0;
				GCC_PREPROCESSOR_DEFINITIONS = (
					"DEBUG=1",
					"$(inherited)",
				);
				GCC_SYMBOLS_PRIVATE_EXTERN = NO;
				GCC_WARN_64_TO_32_BIT_CONVERSION = YES;
				GCC_WARN_ABOUT_RETURN_TYPE = YES_ERROR;
				GCC_WARN_UNDECLARED_SELECTOR = YES;
				GCC_WARN_UNINITIALIZED_AUTOS = YES_AGGRESSIVE;
				GCC_WARN_UNUSED_FUNCTION = YES;
				GCC_WARN_UNUSED_VARIABLE = YES;
				IPHONEOS_DEPLOYMENT_TARGET = 8.1;
				MTL_ENABLE_DEBUG_INFO = YES;
				ONLY_ACTIVE_ARCH = YES;
				SDKROOT = iphoneos;
				SWIFT_OPTIMIZATION_LEVEL = "-Onone";
				TARGETED_DEVICE_FAMILY = "1,2";
			};
			name = Debug;
		};
		8265B9C71A0FA39A00C39AEA /* Release */ = {
			isa = XCBuildConfiguration;
			buildSettings = {
				ALWAYS_SEARCH_USER_PATHS = NO;
				CLANG_CXX_LANGUAGE_STANDARD = "gnu++0x";
				CLANG_CXX_LIBRARY = "libc++";
				CLANG_ENABLE_MODULES = YES;
				CLANG_ENABLE_OBJC_ARC = YES;
				CLANG_WARN_BOOL_CONVERSION = YES;
				CLANG_WARN_CONSTANT_CONVERSION = YES;
				CLANG_WARN_DIRECT_OBJC_ISA_USAGE = YES_ERROR;
				CLANG_WARN_EMPTY_BODY = YES;
				CLANG_WARN_ENUM_CONVERSION = YES;
				CLANG_WARN_INT_CONVERSION = YES;
				CLANG_WARN_OBJC_ROOT_CLASS = YES_ERROR;
				CLANG_WARN_UNREACHABLE_CODE = YES;
				CLANG_WARN__DUPLICATE_METHOD_MATCH = YES;
				"CODE_SIGN_IDENTITY[sdk=iphoneos*]" = "iPhone Developer";
				COPY_PHASE_STRIP = YES;
				ENABLE_NS_ASSERTIONS = NO;
				ENABLE_STRICT_OBJC_MSGSEND = YES;
				GCC_C_LANGUAGE_STANDARD = gnu99;
				GCC_WARN_64_TO_32_BIT_CONVERSION = YES;
				GCC_WARN_ABOUT_RETURN_TYPE = YES_ERROR;
				GCC_WARN_UNDECLARED_SELECTOR = YES;
				GCC_WARN_UNINITIALIZED_AUTOS = YES_AGGRESSIVE;
				GCC_WARN_UNUSED_FUNCTION = YES;
				GCC_WARN_UNUSED_VARIABLE = YES;
				IPHONEOS_DEPLOYMENT_TARGET = 8.1;
				MTL_ENABLE_DEBUG_INFO = NO;
				SDKROOT = iphoneos;
				TARGETED_DEVICE_FAMILY = "1,2";
				VALIDATE_PRODUCT = YES;
			};
			name = Release;
		};
		8265B9C91A0FA39A00C39AEA /* Debug */ = {
			isa = XCBuildConfiguration;
			buildSettings = {
				ASSETCATALOG_COMPILER_APPICON_NAME = AppIcon;
				CLANG_ENABLE_MODULES = YES;
				INFOPLIST_FILE = GitHubReposSwift/Info.plist;
				LD_RUNPATH_SEARCH_PATHS = "$(inherited) @executable_path/Frameworks";
				PRODUCT_NAME = "$(TARGET_NAME)";
				SWIFT_OBJC_BRIDGING_HEADER = "GitHubReposSwift/GitHubReposSwift-Bridging-Header.h";
				SWIFT_OPTIMIZATION_LEVEL = "-Onone";
			};
			name = Debug;
		};
		8265B9CA1A0FA39A00C39AEA /* Release */ = {
			isa = XCBuildConfiguration;
			buildSettings = {
				ASSETCATALOG_COMPILER_APPICON_NAME = AppIcon;
				CLANG_ENABLE_MODULES = YES;
				INFOPLIST_FILE = GitHubReposSwift/Info.plist;
				LD_RUNPATH_SEARCH_PATHS = "$(inherited) @executable_path/Frameworks";
				PRODUCT_NAME = "$(TARGET_NAME)";
				SWIFT_OBJC_BRIDGING_HEADER = "GitHubReposSwift/GitHubReposSwift-Bridging-Header.h";
			};
			name = Release;
		};
/* End XCBuildConfiguration section */

/* Begin XCConfigurationList section */
		8265B9A41A0FA39A00C39AEA /* Build configuration list for PBXProject "GitHubReposSwift" */ = {
			isa = XCConfigurationList;
			buildConfigurations = (
				8265B9C61A0FA39A00C39AEA /* Debug */,
				8265B9C71A0FA39A00C39AEA /* Release */,
			);
			defaultConfigurationIsVisible = 0;
			defaultConfigurationName = Release;
		};
		8265B9C81A0FA39A00C39AEA /* Build configuration list for PBXNativeTarget "GitHubReposSwift" */ = {
			isa = XCConfigurationList;
			buildConfigurations = (
				8265B9C91A0FA39A00C39AEA /* Debug */,
				8265B9CA1A0FA39A00C39AEA /* Release */,
			);
			defaultConfigurationIsVisible = 0;
			defaultConfigurationName = Release;
		};
/* End XCConfigurationList section */
	};
	rootObject = 8265B9A11A0FA39A00C39AEA /* Project object */;
}
